<Solution>
  <Project Path="src/HockeySim.Domain/HockeySim.Domain.csproj" />
  <Project Path="src/HockeySim.Management/HockeySim.Management.csproj" />
  <Project Path="src/HockeySim.Desktop/HockeySim.Desktop.csproj" />
  <Project Path="tests/HockeySim.Domain.Tests/HockeySim.Domain.Tests.csproj" />
  <Project Path="tests/HockeySim.Management.Tests/HockeySim.Management.Tests.csproj" />
</Solution>
