<Solution>
  <Project Path="src/HockeySim.Domain/HockeySim.Domain.csproj" />
  <Project Path="src/HockeySim.Simulation/HockeySim.Simulation.csproj" />
  <Project Path="src/HockeySim.Management/HockeySim.Management.csproj" />
  <Project Path="src/HockeySim.Infrastructure/HockeySim.Infrastructure.csproj" />
  <Project Path="src/HockeySim.Desktop/HockeySim.Desktop.csproj" />
  <Project Path="tests/HockeySim.Domain.Tests/HockeySim.Domain.Tests.csproj" />
  <Project Path="tests/HockeySim.Simulation.Tests/HockeySim.Simulation.Tests.csproj" />
  <Project Path="tests/HockeySim.Desktop.Tests/HockeySim.Desktop.Tests.csproj" />
  <Project Path="tests/HockeySim.Management.Tests/HockeySim.Management.Tests.csproj" />
  <Project Path="tests/HockeySim.Infrastructure.Tests/HockeySim.Infrastructure.Tests.csproj" />
</Solution>
